// !$*UTF8*$!
{
	archiveVersion = 1;
	classes = {
	};
	objectVersion = 77;
	objects = {

/* Begin PBXBuildFile section */
		FA3BF8CC2D47BFDA00420546 /* Preview Assets.xcassets in Resources */ = {isa = PBXBuildFile; fileRef = FA3BF8C22D47BFDA00420546 /* Preview Assets.xcassets */; };
		FA3BF8CD2D47BFDA00420546 /* Assets.xcassets in Resources */ = {isa = PBXBuildFile; fileRef = FA3BF8C42D47BFDA00420546 /* Assets.xcassets */; };
		FA3BF8CF2D47BFDA00420546 /* Montserrat-Bold.ttf in Resources */ = {isa = PBXBuildFile; fileRef = FA3BF8C72D47BFDA00420546 /* Montserrat-Bold.ttf */; };
		FA3BF8D02D47BFDA00420546 /* Montserrat-Medium.ttf in Resources */ = {isa = PBXBuildFile; fileRef = FA3BF8C82D47BFDA00420546 /* Montserrat-Medium.ttf */; };
		FA3BF8D12D47BFDA00420546 /* Montserrat-SemiBold.ttf in Resources */ = {isa = PBXBuildFile; fileRef = FA3BF8C92D47BFDA00420546 /* Montserrat-SemiBold.ttf */; };
		FA3BF8D22D47BFDA00420546 /* ContentView.swift in Sources */ = {isa = PBXBuildFile; fileRef = FA3BF8C52D47BFDA00420546 /* ContentView.swift */; };
		FA3BF8D32D47BFDA00420546 /* ZMNeonBallsApp.swift in Sources */ = {isa = PBXBuildFile; fileRef = FA3BF8CA2D47BFDA00420546 /* ZMNeonBallsApp.swift */; };
		FA3BF8DB2D47C52000420546 /* Ball.swift in Sources */ = {isa = PBXBuildFile; fileRef = FA3BF8DA2D47C52000420546 /* Ball.swift */; };
		FA3BF8DE2D47C76500420546 /* Constants.swift in Sources */ = {isa = PBXBuildFile; fileRef = FA3BF8DD2D47C76500420546 /* Constants.swift */; };
		FA3BF8EC2D47E0BF00420546 /* Question.swift in Sources */ = {isa = PBXBuildFile; fileRef = FA3BF8EB2D47E0BF00420546 /* Question.swift */; };
		FA3BF8EF2D47E24E00420546 /* DataStoreService.swift in Sources */ = {isa = PBXBuildFile; fileRef = FA3BF8EE2D47E24E00420546 /* DataStoreService.swift */; };
		FA3BF8FD2D47F1DE00420546 /* LoadingView.swift in Sources */ = {isa = PBXBuildFile; fileRef = FA3BF8FC2D47F1DE00420546 /* LoadingView.swift */; };
		FA3BF9182D47FDF000420546 /* BackgroundView.swift in Sources */ = {isa = PBXBuildFile; fileRef = FA3BF9172D47FDF000420546 /* BackgroundView.swift */; };
/* End PBXBuildFile section */

/* Begin PBXFileReference section */
		FA3BF8912D47A6E100420546 /* ZMNeonBalls.app */ = {isa = PBXFileReference; explicitFileType = wrapper.application; includeInIndex = 0; path = ZMNeonBalls.app; sourceTree = BUILT_PRODUCTS_DIR; };
		FA3BF8C22D47BFDA00420546 /* Preview Assets.xcassets */ = {isa = PBXFileReference; lastKnownFileType = folder.assetcatalog; path = "Preview Assets.xcassets"; sourceTree = "<group>"; };
		FA3BF8C42D47BFDA00420546 /* Assets.xcassets */ = {isa = PBXFileReference; lastKnownFileType = folder.assetcatalog; path = Assets.xcassets; sourceTree = "<group>"; };
		FA3BF8C52D47BFDA00420546 /* ContentView.swift */ = {isa = PBXFileReference; lastKnownFileType = sourcecode.swift; path = ContentView.swift; sourceTree = "<group>"; };
		FA3BF8C62D47BFDA00420546 /* Info.plist */ = {isa = PBXFileReference; lastKnownFileType = text.plist.xml; path = Info.plist; sourceTree = "<group>"; };
		FA3BF8C72D47BFDA00420546 /* Montserrat-Bold.ttf */ = {isa = PBXFileReference; lastKnownFileType = file; path = "Montserrat-Bold.ttf"; sourceTree = "<group>"; };
		FA3BF8C82D47BFDA00420546 /* Montserrat-Medium.ttf */ = {isa = PBXFileReference; lastKnownFileType = file; path = "Montserrat-Medium.ttf"; sourceTree = "<group>"; };
		FA3BF8C92D47BFDA00420546 /* Montserrat-SemiBold.ttf */ = {isa = PBXFileReference; lastKnownFileType = file; path = "Montserrat-SemiBold.ttf"; sourceTree = "<group>"; };
		FA3BF8CA2D47BFDA00420546 /* ZMNeonBallsApp.swift */ = {isa = PBXFileReference; lastKnownFileType = sourcecode.swift; path = ZMNeonBallsApp.swift; sourceTree = "<group>"; };
		FA3BF8DA2D47C52000420546 /* Ball.swift */ = {isa = PBXFileReference; lastKnownFileType = sourcecode.swift; path = Ball.swift; sourceTree = "<group>"; };
		FA3BF8DD2D47C76500420546 /* Constants.swift */ = {isa = PBXFileReference; lastKnownFileType = sourcecode.swift; path = Constants.swift; sourceTree = "<group>"; };
		FA3BF8EB2D47E0BF00420546 /* Question.swift */ = {isa = PBXFileReference; lastKnownFileType = sourcecode.swift; path = Question.swift; sourceTree = "<group>"; };
		FA3BF8EE2D47E24E00420546 /* DataStoreService.swift */ = {isa = PBXFileReference; lastKnownFileType = sourcecode.swift; path = DataStoreService.swift; sourceTree = "<group>"; };
		FA3BF8FC2D47F1DE00420546 /* LoadingView.swift */ = {isa = PBXFileReference; lastKnownFileType = sourcecode.swift; path = LoadingView.swift; sourceTree = "<group>"; };
		FA3BF9172D47FDF000420546 /* BackgroundView.swift */ = {isa = PBXFileReference; lastKnownFileType = sourcecode.swift; path = BackgroundView.swift; sourceTree = "<group>"; };
/* End PBXFileReference section */

/* Begin PBXFrameworksBuildPhase section */
		FA3BF88E2D47A6E000420546 /* Frameworks */ = {
			isa = PBXFrameworksBuildPhase;
			buildActionMask = 2147483647;
			files = (
			);
			runOnlyForDeploymentPostprocessing = 0;
		};
/* End PBXFrameworksBuildPhase section */

/* Begin PBXGroup section */
		FA3BF8882D47A6E000420546 = {
			isa = PBXGroup;
			children = (
				FA3BF8CB2D47BFDA00420546 /* ZMNeonBalls */,
				FA3BF8922D47A6E100420546 /* Products */,
			);
			sourceTree = "<group>";
		};
		FA3BF8922D47A6E100420546 /* Products */ = {
			isa = PBXGroup;
			children = (
				FA3BF8912D47A6E100420546 /* ZMNeonBalls.app */,
			);
			name = Products;
			sourceTree = "<group>";
		};
		FA3BF8C32D47BFDA00420546 /* Preview Content */ = {
			isa = PBXGroup;
			children = (
				FA3BF8C22D47BFDA00420546 /* Preview Assets.xcassets */,
			);
			path = "Preview Content";
			sourceTree = "<group>";
		};
		FA3BF8CB2D47BFDA00420546 /* ZMNeonBalls */ = {
			isa = PBXGroup;
			children = (
				FA3BF8D42D47BFE200420546 /* App */,
				FA3BF8D82D47C01600420546 /* Models */,
				FA3BF8ED2D47E23D00420546 /* Services */,
				FA3BF8D92D47C02800420546 /* Screens */,
				FA3BF8DC2D47C74800420546 /* Helpers */,
				FA3BF8D72D47C00D00420546 /* Support */,
				FA3BF8D52D47BFF400420546 /* Resources */,
				FA3BF8C32D47BFDA00420546 /* Preview Content */,
			);
			path = ZMNeonBalls;
			sourceTree = "<group>";
		};
		FA3BF8D42D47BFE200420546 /* App */ = {
			isa = PBXGroup;
			children = (
				FA3BF8CA2D47BFDA00420546 /* ZMNeonBallsApp.swift */,
			);
			path = App;
			sourceTree = "<group>";
		};
		FA3BF8D52D47BFF400420546 /* Resources */ = {
			isa = PBXGroup;
			children = (
				FA3BF8C42D47BFDA00420546 /* Assets.xcassets */,
				FA3BF8D62D47BFFC00420546 /* Fonts */,
			);
			path = Resources;
			sourceTree = "<group>";
		};
		FA3BF8D62D47BFFC00420546 /* Fonts */ = {
			isa = PBXGroup;
			children = (
				FA3BF8C72D47BFDA00420546 /* Montserrat-Bold.ttf */,
				FA3BF8C82D47BFDA00420546 /* Montserrat-Medium.ttf */,
				FA3BF8C92D47BFDA00420546 /* Montserrat-SemiBold.ttf */,
			);
			path = Fonts;
			sourceTree = "<group>";
		};
		FA3BF8D72D47C00D00420546 /* Support */ = {
			isa = PBXGroup;
			children = (
				FA3BF8C62D47BFDA00420546 /* Info.plist */,
			);
			path = Support;
			sourceTree = "<group>";
		};
		FA3BF8D82D47C01600420546 /* Models */ = {
			isa = PBXGroup;
			children = (
				FA3BF8DA2D47C52000420546 /* Ball.swift */,
				FA3BF8EB2D47E0BF00420546 /* Question.swift */,
			);
			path = Models;
			sourceTree = "<group>";
		};
		FA3BF8D92D47C02800420546 /* Screens */ = {
			isa = PBXGroup;
			children = (
				FA3BF8C52D47BFDA00420546 /* ContentView.swift */,
				FA3BF8FC2D47F1DE00420546 /* LoadingView.swift */,
				FA3BF9162D47FDDF00420546 /* CustomViews */,
			);
			path = Screens;
			sourceTree = "<group>";
		};
		FA3BF8DC2D47C74800420546 /* Helpers */ = {
			isa = PBXGroup;
			children = (
				FA3BF8DD2D47C76500420546 /* Constants.swift */,
			);
			path = Helpers;
			sourceTree = "<group>";
		};
		FA3BF8ED2D47E23D00420546 /* Services */ = {
			isa = PBXGroup;
			children = (
				FA3BF8EE2D47E24E00420546 /* DataStoreService.swift */,
			);
			path = Services;
			sourceTree = "<group>";
		};
		FA3BF9162D47FDDF00420546 /* CustomViews */ = {
			isa = PBXGroup;
			children = (
				FA3BF9172D47FDF000420546 /* BackgroundView.swift */,
			);
			path = CustomViews;
			sourceTree = "<group>";
		};
/* End PBXGroup section */

/* Begin PBXNativeTarget section */
		FA3BF8902D47A6E000420546 /* ZMNeonBalls */ = {
			isa = PBXNativeTarget;
			buildConfigurationList = FA3BF89F2D47A6E300420546 /* Build configuration list for PBXNativeTarget "ZMNeonBalls" */;
			buildPhases = (
				FA3BF88D2D47A6E000420546 /* Sources */,
				FA3BF88E2D47A6E000420546 /* Frameworks */,
				FA3BF88F2D47A6E000420546 /* Resources */,
			);
			buildRules = (
			);
			dependencies = (
			);
			name = ZMNeonBalls;
			packageProductDependencies = (
			);
			productName = ZMNeonBalls;
			productReference = FA3BF8912D47A6E100420546 /* ZMNeonBalls.app */;
			productType = "com.apple.product-type.application";
		};
/* End PBXNativeTarget section */

/* Begin PBXProject section */
		FA3BF8892D47A6E000420546 /* Project object */ = {
			isa = PBXProject;
			attributes = {
				BuildIndependentTargetsInParallel = 1;
				LastSwiftUpdateCheck = 1600;
				LastUpgradeCheck = 1600;
				TargetAttributes = {
					FA3BF8902D47A6E000420546 = {
						CreatedOnToolsVersion = 16.0;
					};
				};
			};
			buildConfigurationList = FA3BF88C2D47A6E000420546 /* Build configuration list for PBXProject "ZMNeonBalls" */;
			developmentRegion = en;
			hasScannedForEncodings = 0;
			knownRegions = (
				en,
				Base,
			);
			mainGroup = FA3BF8882D47A6E000420546;
			minimizedProjectReferenceProxies = 1;
			preferredProjectObjectVersion = 77;
			productRefGroup = FA3BF8922D47A6E100420546 /* Products */;
			projectDirPath = "";
			projectRoot = "";
			targets = (
				FA3BF8902D47A6E000420546 /* ZMNeonBalls */,
			);
		};
/* End PBXProject section */

/* Begin PBXResourcesBuildPhase section */
		FA3BF88F2D47A6E000420546 /* Resources */ = {
			isa = PBXResourcesBuildPhase;
			buildActionMask = 2147483647;
			files = (
				FA3BF8CC2D47BFDA00420546 /* Preview Assets.xcassets in Resources */,
				FA3BF8CD2D47BFDA00420546 /* Assets.xcassets in Resources */,
				FA3BF8CF2D47BFDA00420546 /* Montserrat-Bold.ttf in Resources */,
				FA3BF8D02D47BFDA00420546 /* Montserrat-Medium.ttf in Resources */,
				FA3BF8D12D47BFDA00420546 /* Montserrat-SemiBold.ttf in Resources */,
			);
			runOnlyForDeploymentPostprocessing = 0;
		};
/* End PBXResourcesBuildPhase section */

/* Begin PBXSourcesBuildPhase section */
		FA3BF88D2D47A6E000420546 /* Sources */ = {
			isa = PBXSourcesBuildPhase;
			buildActionMask = 2147483647;
			files = (
				FA3BF8DB2D47C52000420546 /* Ball.swift in Sources */,
				FA3BF8EC2D47E0BF00420546 /* Question.swift in Sources */,
				FA3BF9182D47FDF000420546 /* BackgroundView.swift in Sources */,
				FA3BF8D22D47BFDA00420546 /* ContentView.swift in Sources */,
				FA3BF8D32D47BFDA00420546 /* ZMNeonBallsApp.swift in Sources */,
				FA3BF8DE2D47C76500420546 /* Constants.swift in Sources */,
				FA3BF8FD2D47F1DE00420546 /* LoadingView.swift in Sources */,
				FA3BF8EF2D47E24E00420546 /* DataStoreService.swift in Sources */,
			);
			runOnlyForDeploymentPostprocessing = 0;
		};
/* End PBXSourcesBuildPhase section */

/* Begin XCBuildConfiguration section */
		FA3BF89D2D47A6E300420546 /* Debug */ = {
			isa = XCBuildConfiguration;
			buildSettings = {
				ALWAYS_SEARCH_USER_PATHS = NO;
				ASSETCATALOG_COMPILER_GENERATE_SWIFT_ASSET_SYMBOL_EXTENSIONS = YES;
				CLANG_ANALYZER_NONNULL = YES;
				CLANG_ANALYZER_NUMBER_OBJECT_CONVERSION = YES_AGGRESSIVE;
				CLANG_CXX_LANGUAGE_STANDARD = "gnu++20";
				CLANG_ENABLE_MODULES = YES;
				CLANG_ENABLE_OBJC_ARC = YES;
				CLANG_ENABLE_OBJC_WEAK = YES;
				CLANG_WARN_BLOCK_CAPTURE_AUTORELEASING = YES;
				CLANG_WARN_BOOL_CONVERSION = YES;
				CLANG_WARN_COMMA = YES;
				CLANG_WARN_CONSTANT_CONVERSION = YES;
				CLANG_WARN_DEPRECATED_OBJC_IMPLEMENTATIONS = YES;
				CLANG_WARN_DIRECT_OBJC_ISA_USAGE = YES_ERROR;
				CLANG_WARN_DOCUMENTATION_COMMENTS = YES;
				CLANG_WARN_EMPTY_BODY = YES;
				CLANG_WARN_ENUM_CONVERSION = YES;
				CLANG_WARN_INFINITE_RECURSION = YES;
				CLANG_WARN_INT_CONVERSION = YES;
				CLANG_WARN_NON_LITERAL_NULL_CONVERSION = YES;
				CLANG_WARN_OBJC_IMPLICIT_RETAIN_SELF = YES;
				CLANG_WARN_OBJC_LITERAL_CONVERSION = YES;
				CLANG_WARN_OBJC_ROOT_CLASS = YES_ERROR;
				CLANG_WARN_QUOTED_INCLUDE_IN_FRAMEWORK_HEADER = YES;
				CLANG_WARN_RANGE_LOOP_ANALYSIS = YES;
				CLANG_WARN_STRICT_PROTOTYPES = YES;
				CLANG_WARN_SUSPICIOUS_MOVE = YES;
				CLANG_WARN_UNGUARDED_AVAILABILITY = YES_AGGRESSIVE;
				CLANG_WARN_UNREACHABLE_CODE = YES;
				CLANG_WARN__DUPLICATE_METHOD_MATCH = YES;
				COPY_PHASE_STRIP = NO;
				DEBUG_INFORMATION_FORMAT = dwarf;
				ENABLE_STRICT_OBJC_MSGSEND = YES;
				ENABLE_TESTABILITY = YES;
				ENABLE_USER_SCRIPT_SANDBOXING = YES;
				GCC_C_LANGUAGE_STANDARD = gnu17;
				GCC_DYNAMIC_NO_PIC = NO;
				GCC_NO_COMMON_BLOCKS = YES;
				GCC_OPTIMIZATION_LEVEL = 0;
				GCC_PREPROCESSOR_DEFINITIONS = (
					"DEBUG=1",
					"$(inherited)",
				);
				GCC_WARN_64_TO_32_BIT_CONVERSION = YES;
				GCC_WARN_ABOUT_RETURN_TYPE = YES_ERROR;
				GCC_WARN_UNDECLARED_SELECTOR = YES;
				GCC_WARN_UNINITIALIZED_AUTOS = YES_AGGRESSIVE;
				GCC_WARN_UNUSED_FUNCTION = YES;
				GCC_WARN_UNUSED_VARIABLE = YES;
				IPHONEOS_DEPLOYMENT_TARGET = 15.6;
				LOCALIZATION_PREFERS_STRING_CATALOGS = YES;
				MTL_ENABLE_DEBUG_INFO = INCLUDE_SOURCE;
				MTL_FAST_MATH = YES;
				ONLY_ACTIVE_ARCH = YES;
				SDKROOT = iphoneos;
				SWIFT_ACTIVE_COMPILATION_CONDITIONS = "DEBUG $(inherited)";
				SWIFT_OPTIMIZATION_LEVEL = "-Onone";
			};
			name = Debug;
		};
		FA3BF89E2D47A6E300420546 /* Release */ = {
			isa = XCBuildConfiguration;
			buildSettings = {
				ALWAYS_SEARCH_USER_PATHS = NO;
				ASSETCATALOG_COMPILER_GENERATE_SWIFT_ASSET_SYMBOL_EXTENSIONS = YES;
				CLANG_ANALYZER_NONNULL = YES;
				CLANG_ANALYZER_NUMBER_OBJECT_CONVERSION = YES_AGGRESSIVE;
				CLANG_CXX_LANGUAGE_STANDARD = "gnu++20";
				CLANG_ENABLE_MODULES = YES;
				CLANG_ENABLE_OBJC_ARC = YES;
				CLANG_ENABLE_OBJC_WEAK = YES;
				CLANG_WARN_BLOCK_CAPTURE_AUTORELEASING = YES;
				CLANG_WARN_BOOL_CONVERSION = YES;
				CLANG_WARN_COMMA = YES;
				CLANG_WARN_CONSTANT_CONVERSION = YES;
				CLANG_WARN_DEPRECATED_OBJC_IMPLEMENTATIONS = YES;
				CLANG_WARN_DIRECT_OBJC_ISA_USAGE = YES_ERROR;
				CLANG_WARN_DOCUMENTATION_COMMENTS = YES;
				CLANG_WARN_EMPTY_BODY = YES;
				CLANG_WARN_ENUM_CONVERSION = YES;
				CLANG_WARN_INFINITE_RECURSION = YES;
				CLANG_WARN_INT_CONVERSION = YES;
				CLANG_WARN_NON_LITERAL_NULL_CONVERSION = YES;
				CLANG_WARN_OBJC_IMPLICIT_RETAIN_SELF = YES;
				CLANG_WARN_OBJC_LITERAL_CONVERSION = YES;
				CLANG_WARN_OBJC_ROOT_CLASS = YES_ERROR;
				CLANG_WARN_QUOTED_INCLUDE_IN_FRAMEWORK_HEADER = YES;
				CLANG_WARN_RANGE_LOOP_ANALYSIS = YES;
				CLANG_WARN_STRICT_PROTOTYPES = YES;
				CLANG_WARN_SUSPICIOUS_MOVE = YES;
				CLANG_WARN_UNGUARDED_AVAILABILITY = YES_AGGRESSIVE;
				CLANG_WARN_UNREACHABLE_CODE = YES;
				CLANG_WARN__DUPLICATE_METHOD_MATCH = YES;
				COPY_PHASE_STRIP = NO;
				DEBUG_INFORMATION_FORMAT = "dwarf-with-dsym";
				ENABLE_NS_ASSERTIONS = NO;
				ENABLE_STRICT_OBJC_MSGSEND = YES;
				ENABLE_USER_SCRIPT_SANDBOXING = YES;
				GCC_C_LANGUAGE_STANDARD = gnu17;
				GCC_NO_COMMON_BLOCKS = YES;
				GCC_WARN_64_TO_32_BIT_CONVERSION = YES;
				GCC_WARN_ABOUT_RETURN_TYPE = YES_ERROR;
				GCC_WARN_UNDECLARED_SELECTOR = YES;
				GCC_WARN_UNINITIALIZED_AUTOS = YES_AGGRESSIVE;
				GCC_WARN_UNUSED_FUNCTION = YES;
				GCC_WARN_UNUSED_VARIABLE = YES;
				IPHONEOS_DEPLOYMENT_TARGET = 15.6;
				LOCALIZATION_PREFERS_STRING_CATALOGS = YES;
				MTL_ENABLE_DEBUG_INFO = NO;
				MTL_FAST_MATH = YES;
				SDKROOT = iphoneos;
				SWIFT_COMPILATION_MODE = wholemodule;
				VALIDATE_PRODUCT = YES;
			};
			name = Release;
		};
		FA3BF8A02D47A6E300420546 /* Debug */ = {
			isa = XCBuildConfiguration;
			buildSettings = {
				ASSETCATALOG_COMPILER_APPICON_NAME = AppIcon;
				ASSETCATALOG_COMPILER_GLOBAL_ACCENT_COLOR_NAME = AccentColor;
				CODE_SIGN_STYLE = Automatic;
				CURRENT_PROJECT_VERSION = 1;
				DEVELOPMENT_ASSET_PATHS = "\"ZMNeonBalls/Preview Content\"";
				DEVELOPMENT_TEAM = L23B96GPNM;
				ENABLE_PREVIEWS = YES;
				GENERATE_INFOPLIST_FILE = YES;
				INFOPLIST_FILE = ZMNeonBalls/Support/Info.plist;
				INFOPLIST_KEY_CFBundleDisplayName = NeonBalls;
				INFOPLIST_KEY_UIApplicationSceneManifest_Generation = YES;
				INFOPLIST_KEY_UIApplicationSupportsIndirectInputEvents = YES;
				INFOPLIST_KEY_UILaunchScreen_Generation = YES;
				INFOPLIST_KEY_UISupportedInterfaceOrientations = UIInterfaceOrientationPortrait;
				INFOPLIST_KEY_UISupportedInterfaceOrientations_iPad = "UIInterfaceOrientationLandscapeLeft UIInterfaceOrientationLandscapeRight UIInterfaceOrientationPortrait UIInterfaceOrientationPortraitUpsideDown";
				IPHONEOS_DEPLOYMENT_TARGET = 15.0;
				LD_RUNPATH_SEARCH_PATHS = (
					"$(inherited)",
					"@executable_path/Frameworks",
				);
				MARKETING_VERSION = 1.0;
				PRODUCT_BUNDLE_IDENTIFIER = com.alexpetrenko.ZMNeonBalls;
				PRODUCT_NAME = "$(TARGET_NAME)";
				SUPPORTED_PLATFORMS = "iphoneos iphonesimulator";
				SUPPORTS_MACCATALYST = NO;
				SUPPORTS_MAC_DESIGNED_FOR_IPHONE_IPAD = NO;
				SUPPORTS_XR_DESIGNED_FOR_IPHONE_IPAD = NO;
				SWIFT_EMIT_LOC_STRINGS = YES;
				SWIFT_VERSION = 5.0;
				TARGETED_DEVICE_FAMILY = 1;
			};
			name = Debug;
		};
		FA3BF8A12D47A6E300420546 /* Release */ = {
			isa = XCBuildConfiguration;
			buildSettings = {
				ASSETCATALOG_COMPILER_APPICON_NAME = AppIcon;
				ASSETCATALOG_COMPILER_GLOBAL_ACCENT_COLOR_NAME = AccentColor;
				CODE_SIGN_STYLE = Automatic;
				CURRENT_PROJECT_VERSION = 1;
				DEVELOPMENT_ASSET_PATHS = "\"ZMNeonBalls/Preview Content\"";
				DEVELOPMENT_TEAM = L23B96GPNM;
				ENABLE_PREVIEWS = YES;
				GENERATE_INFOPLIST_FILE = YES;
				INFOPLIST_FILE = ZMNeonBalls/Support/Info.plist;
				INFOPLIST_KEY_CFBundleDisplayName = NeonBalls;
				INFOPLIST_KEY_UIApplicationSceneManifest_Generation = YES;
				INFOPLIST_KEY_UIApplicationSupportsIndirectInputEvents = YES;
				INFOPLIST_KEY_UILaunchScreen_Generation = YES;
				INFOPLIST_KEY_UISupportedInterfaceOrientations = UIInterfaceOrientationPortrait;
				INFOPLIST_KEY_UISupportedInterfaceOrientations_iPad = "UIInterfaceOrientationLandscapeLeft UIInterfaceOrientationLandscapeRight UIInterfaceOrientationPortrait UIInterfaceOrientationPortraitUpsideDown";
				IPHONEOS_DEPLOYMENT_TARGET = 15.0;
				LD_RUNPATH_SEARCH_PATHS = (
					"$(inherited)",
					"@executable_path/Frameworks",
				);
				MARKETING_VERSION = 1.0;
				PRODUCT_BUNDLE_IDENTIFIER = com.alexpetrenko.ZMNeonBalls;
				PRODUCT_NAME = "$(TARGET_NAME)";
				SUPPORTED_PLATFORMS = "iphoneos iphonesimulator";
				SUPPORTS_MACCATALYST = NO;
				SUPPORTS_MAC_DESIGNED_FOR_IPHONE_IPAD = NO;
				SUPPORTS_XR_DESIGNED_FOR_IPHONE_IPAD = NO;
				SWIFT_EMIT_LOC_STRINGS = YES;
				SWIFT_VERSION = 5.0;
				TARGETED_DEVICE_FAMILY = 1;
			};
			name = Release;
		};
/* End XCBuildConfiguration section */

/* Begin XCConfigurationList section */
		FA3BF88C2D47A6E000420546 /* Build configuration list for PBXProject "ZMNeonBalls" */ = {
			isa = XCConfigurationList;
			buildConfigurations = (
				FA3BF89D2D47A6E300420546 /* Debug */,
				FA3BF89E2D47A6E300420546 /* Release */,
			);
			defaultConfigurationIsVisible = 0;
			defaultConfigurationName = Release;
		};
		FA3BF89F2D47A6E300420546 /* Build configuration list for PBXNativeTarget "ZMNeonBalls" */ = {
			isa = XCConfigurationList;
			buildConfigurations = (
				FA3BF8A02D47A6E300420546 /* Debug */,
				FA3BF8A12D47A6E300420546 /* Release */,
			);
			defaultConfigurationIsVisible = 0;
			defaultConfigurationName = Release;
		};
/* End XCConfigurationList section */
	};
	rootObject = FA3BF8892D47A6E000420546 /* Project object */;
}
